
Microsoft Visual Studio Solution File, Format Version 11.00
# Visual Studio 2010
Project("{FAE04EC0-301F-11D3-BF4B-00C04F79EFBC}") = "FINALPhone", "Assembly-CSharp.csproj", "{1F156275-1575-B6F0-A0CA-773EEEBF2F9E}"
EndProject
Project("{FAE04EC0-301F-11D3-BF4B-00C04F79EFBC}") = "FINALPhone", "Assembly-CSharp-firstpass.csproj", "{EB2C35EE-FC72-F4A0-2C61-9F9F74E9F20E}"
EndProject
Project("{FAE04EC0-301F-11D3-BF4B-00C04F79EFBC}") = "FINALPhone", "Assembly-CSharp-Editor-firstpass.csproj", "{4F13A2D5-0DA8-26EC-802D-8DD9A10E054A}"
EndProject
Project("{FAE04EC0-301F-11D3-BF4B-00C04F79EFBC}") = "FINALPhone", "Assembly-CSharp-Editor.csproj", "{B547B7D3-30F1-0C2D-7AF6-B1F91C6D22F9}"
EndProject
Global
	GlobalSection(SolutionConfigurationPlatforms) = preSolution
		Debug|Any CPU = Debug|Any CPU
		Release|Any CPU = Release|Any CPU
	EndGlobalSection
	GlobalSection(ProjectConfigurationPlatforms) = postSolution
		{1F156275-1575-B6F0-A0CA-773EEEBF2F9E}.Debug|Any CPU.ActiveCfg = Debug|Any CPU
		{1F156275-1575-B6F0-A0CA-773EEEBF2F9E}.Debug|Any CPU.Build.0 = Debug|Any CPU
		{1F156275-1575-B6F0-A0CA-773EEEBF2F9E}.Release|Any CPU.ActiveCfg = Release|Any CPU
		{1F156275-1575-B6F0-A0CA-773EEEBF2F9E}.Release|Any CPU.Build.0 = Release|Any CPU
		{EB2C35EE-FC72-F4A0-2C61-9F9F74E9F20E}.Debug|Any CPU.ActiveCfg = Debug|Any CPU
		{EB2C35EE-FC72-F4A0-2C61-9F9F74E9F20E}.Debug|Any CPU.Build.0 = Debug|Any CPU
		{EB2C35EE-FC72-F4A0-2C61-9F9F74E9F20E}.Release|Any CPU.ActiveCfg = Release|Any CPU
		{EB2C35EE-FC72-F4A0-2C61-9F9F74E9F20E}.Release|Any CPU.Build.0 = Release|Any CPU
		{4F13A2D5-0DA8-26EC-802D-8DD9A10E054A}.Debug|Any CPU.ActiveCfg = Debug|Any CPU
		{4F13A2D5-0DA8-26EC-802D-8DD9A10E054A}.Debug|Any CPU.Build.0 = Debug|Any CPU
		{4F13A2D5-0DA8-26EC-802D-8DD9A10E054A}.Release|Any CPU.ActiveCfg = Release|Any CPU
		{4F13A2D5-0DA8-26EC-802D-8DD9A10E054A}.Release|Any CPU.Build.0 = Release|Any CPU
		{B547B7D3-30F1-0C2D-7AF6-B1F91C6D22F9}.Debug|Any CPU.ActiveCfg = Debug|Any CPU
		{B547B7D3-30F1-0C2D-7AF6-B1F91C6D22F9}.Debug|Any CPU.Build.0 = Debug|Any CPU
		{B547B7D3-30F1-0C2D-7AF6-B1F91C6D22F9}.Release|Any CPU.ActiveCfg = Release|Any CPU
		{B547B7D3-30F1-0C2D-7AF6-B1F91C6D22F9}.Release|Any CPU.Build.0 = Release|Any CPU
	EndGlobalSection
	GlobalSection(SolutionProperties) = preSolution
		HideSolutionNode = FALSE
	EndGlobalSection
	GlobalSection(MonoDevelopProperties) = preSolution
		StartupItem = Assembly-CSharp.csproj
	EndGlobalSection
EndGlobal
